// !$*UTF8*$!
{
	archiveVersion = 1;
	classes = {
	};
	objectVersion = 48;
	objects = {

/* Begin PBXBuildFile section */
		2F79168D82F78F615B7CD5ED /* Pods_HackathonTests.framework in Frameworks */ = {isa = PBXBuildFile; fileRef = 0C723A7DE1B4062BF234F359 /* Pods_HackathonTests.framework */; };
		42636F3C1CB90EA1562DD0F6 /* Pods_HackathonUITests.framework in Frameworks */ = {isa = PBXBuildFile; fileRef = DA7F538D20DBA59970B5F38D /* Pods_HackathonUITests.framework */; };
		5A40C63EB0A89F836CCF39C3 /* Pods_Hackathon.framework in Frameworks */ = {isa = PBXBuildFile; fileRef = 790E3DDE8D6C2440058A8DA4 /* Pods_Hackathon.framework */; };
		7714649E203847B600A61D51 /* User.swift in Sources */ = {isa = PBXBuildFile; fileRef = 7714649D203847B600A61D51 /* User.swift */; };
		771464A020385D3F00A61D51 /* BusinessError.swift in Sources */ = {isa = PBXBuildFile; fileRef = 7714649F20385D3F00A61D51 /* BusinessError.swift */; };
		771464A2203860CE00A61D51 /* default.gpx in Resources */ = {isa = PBXBuildFile; fileRef = 771464A1203860CE00A61D51 /* default.gpx */; };
		771464A4203886A700A61D51 /* JLTGradientPathRenderer.swift in Sources */ = {isa = PBXBuildFile; fileRef = 771464A3203886A700A61D51 /* JLTGradientPathRenderer.swift */; };
		771464AA203896ED00A61D51 /* TimelineTableViewCell.swift in Sources */ = {isa = PBXBuildFile; fileRef = 771464A9203896ED00A61D51 /* TimelineTableViewCell.swift */; };
		771464AC2038971F00A61D51 /* TimelineTableViewCell.xib in Resources */ = {isa = PBXBuildFile; fileRef = 771464AB2038971F00A61D51 /* TimelineTableViewCell.xib */; };
		771464AE2038B04700A61D51 /* ArrayExtensions.swift in Sources */ = {isa = PBXBuildFile; fileRef = 771464AD2038B04700A61D51 /* ArrayExtensions.swift */; };
		771464B02038D51600A61D51 /* TransportationsViewController.swift in Sources */ = {isa = PBXBuildFile; fileRef = 771464AF2038D51600A61D51 /* TransportationsViewController.swift */; };
		7736AE6D203768AA00BB6780 /* Status.swift in Sources */ = {isa = PBXBuildFile; fileRef = 7736AE6C203768AA00BB6780 /* Status.swift */; };
		7736AE6F20376A8A00BB6780 /* Location.swift in Sources */ = {isa = PBXBuildFile; fileRef = 7736AE6E20376A8A00BB6780 /* Location.swift */; };
		7736AE7120376B6000BB6780 /* Package.swift in Sources */ = {isa = PBXBuildFile; fileRef = 7736AE7020376B6000BB6780 /* Package.swift */; };
		7736AE7A20376FE800BB6780 /* Localization.strings in Resources */ = {isa = PBXBuildFile; fileRef = 7736AE7C20376FE800BB6780 /* Localization.strings */; };
		7736AE80203771F400BB6780 /* R.generated.swift in Sources */ = {isa = PBXBuildFile; fileRef = 7736AE7F203771F400BB6780 /* R.generated.swift */; };
		7736AE84203774C400BB6780 /* LoginResponse.json in Resources */ = {isa = PBXBuildFile; fileRef = 7736AE83203774C400BB6780 /* LoginResponse.json */; };
		7736AE862037755800BB6780 /* LoginResponse.swift in Sources */ = {isa = PBXBuildFile; fileRef = 7736AE852037755800BB6780 /* LoginResponse.swift */; };
		7736AE882037767600BB6780 /* CheckResponse.swift in Sources */ = {isa = PBXBuildFile; fileRef = 7736AE872037767600BB6780 /* CheckResponse.swift */; };
		7736AE8B2037778A00BB6780 /* APIConfiguration.swift in Sources */ = {isa = PBXBuildFile; fileRef = 7736AE8A2037778A00BB6780 /* APIConfiguration.swift */; };
		7736AE8D20377A5300BB6780 /* UserRouter.swift in Sources */ = {isa = PBXBuildFile; fileRef = 7736AE8C20377A5300BB6780 /* UserRouter.swift */; };
		7736AE8F20377D9800BB6780 /* LoginViewController.swift in Sources */ = {isa = PBXBuildFile; fileRef = 7736AE8E20377D9800BB6780 /* LoginViewController.swift */; };
		7736AE91203788EA00BB6780 /* APIManager.swift in Sources */ = {isa = PBXBuildFile; fileRef = 7736AE90203788EA00BB6780 /* APIManager.swift */; };
		7736AE9420378BBE00BB6780 /* UIViewControllerExtensions.swift in Sources */ = {isa = PBXBuildFile; fileRef = 7736AE9320378BBE00BB6780 /* UIViewControllerExtensions.swift */; };
		7736AE9620378DA500BB6780 /* Package.storyboard in Resources */ = {isa = PBXBuildFile; fileRef = 7736AE9520378DA500BB6780 /* Package.storyboard */; };
		7736AE98203792E100BB6780 /* PackageListViewController.swift in Sources */ = {isa = PBXBuildFile; fileRef = 7736AE97203792E100BB6780 /* PackageListViewController.swift */; };
		7736AE9C2037A11B00BB6780 /* InfoPlist.strings in Resources */ = {isa = PBXBuildFile; fileRef = 7736AE9E2037A11B00BB6780 /* InfoPlist.strings */; };
		7736AEA12037A9E900BB6780 /* Capacity.swift in Sources */ = {isa = PBXBuildFile; fileRef = 7736AEA02037A9E900BB6780 /* Capacity.swift */; };
		7736AEA32037AD6400BB6780 /* CLLocationExtensions.swift in Sources */ = {isa = PBXBuildFile; fileRef = 7736AEA22037AD6400BB6780 /* CLLocationExtensions.swift */; };
		7736AEA72037ADC900BB6780 /* LocationProtocol.swift in Sources */ = {isa = PBXBuildFile; fileRef = 7736AEA62037ADC900BB6780 /* LocationProtocol.swift */; };
		7736AEA92037B3F200BB6780 /* PackageListResponse.swift in Sources */ = {isa = PBXBuildFile; fileRef = 7736AEA82037B3F200BB6780 /* PackageListResponse.swift */; };
		7736AEAB2037B44400BB6780 /* PackageRouter.swift in Sources */ = {isa = PBXBuildFile; fileRef = 7736AEAA2037B44400BB6780 /* PackageRouter.swift */; };
		7736AEAF2037B4FF00BB6780 /* PackageListResponse.json in Resources */ = {isa = PBXBuildFile; fileRef = 7736AEAE2037B4FF00BB6780 /* PackageListResponse.json */; };
		7736AEB22037B73000BB6780 /* PackageTableViewCell.swift in Sources */ = {isa = PBXBuildFile; fileRef = 7736AEB12037B73000BB6780 /* PackageTableViewCell.swift */; };
		7736AEB42037B75400BB6780 /* PackageTableViewCell.xib in Resources */ = {isa = PBXBuildFile; fileRef = 7736AEB32037B75400BB6780 /* PackageTableViewCell.xib */; };
		7775D31E2036E015000935CA /* AppDelegate.swift in Sources */ = {isa = PBXBuildFile; fileRef = 7775D31D2036E015000935CA /* AppDelegate.swift */; };
		7775D3202036E015000935CA /* BaseViewController.swift in Sources */ = {isa = PBXBuildFile; fileRef = 7775D31F2036E015000935CA /* BaseViewController.swift */; };
		7775D3232036E015000935CA /* Login.storyboard in Resources */ = {isa = PBXBuildFile; fileRef = 7775D3212036E015000935CA /* Login.storyboard */; };
		7775D3252036E015000935CA /* Assets.xcassets in Resources */ = {isa = PBXBuildFile; fileRef = 7775D3242036E015000935CA /* Assets.xcassets */; };
		7775D3282036E015000935CA /* LaunchScreen.storyboard in Resources */ = {isa = PBXBuildFile; fileRef = 7775D3262036E015000935CA /* LaunchScreen.storyboard */; };
		7775D3332036E015000935CA /* HackathonTests.swift in Sources */ = {isa = PBXBuildFile; fileRef = 7775D3322036E015000935CA /* HackathonTests.swift */; };
		7775D33E2036E015000935CA /* HackathonUITests.swift in Sources */ = {isa = PBXBuildFile; fileRef = 7775D33D2036E015000935CA /* HackathonUITests.swift */; };
		77C121382037C6E800223BCE /* PackageRoutesViewController.swift in Sources */ = {isa = PBXBuildFile; fileRef = 77C121372037C6E800223BCE /* PackageRoutesViewController.swift */; };
		77C1213C2037DE7100223BCE /* GetPackageRoutesResponse.json in Resources */ = {isa = PBXBuildFile; fileRef = 77C1213B2037DE7100223BCE /* GetPackageRoutesResponse.json */; };
		77C1213E2037DFCB00223BCE /* TransportationPackagesResponse.swift in Sources */ = {isa = PBXBuildFile; fileRef = 77C1213D2037DFCB00223BCE /* TransportationPackagesResponse.swift */; };
		77C121402037EC8800223BCE /* PickUpResponse.json in Resources */ = {isa = PBXBuildFile; fileRef = 77C1213F2037EC8800223BCE /* PickUpResponse.json */; };
		77C121422037ECA000223BCE /* PickUpPackageResponse.swift in Sources */ = {isa = PBXBuildFile; fileRef = 77C121412037ECA000223BCE /* PickUpPackageResponse.swift */; };
		77C121442037ED0300223BCE /* FinishTransportationResponse.swift in Sources */ = {isa = PBXBuildFile; fileRef = 77C121432037ED0300223BCE /* FinishTransportationResponse.swift */; };
		77C1214720381B2D00223BCE /* Localization.stringsdict in Resources */ = {isa = PBXBuildFile; fileRef = 77C1214920381B2D00223BCE /* Localization.stringsdict */; };
		77C1214D2038264000223BCE /* Formatter.swift in Sources */ = {isa = PBXBuildFile; fileRef = 77C1214C2038264000223BCE /* Formatter.swift */; };
/* End PBXBuildFile section */

/* Begin PBXContainerItemProxy section */
		7775D32F2036E015000935CA /* PBXContainerItemProxy */ = {
			isa = PBXContainerItemProxy;
			containerPortal = 7775D3122036E015000935CA /* Project object */;
			proxyType = 1;
			remoteGlobalIDString = 7775D3192036E015000935CA;
			remoteInfo = Hackathon;
		};
		7775D33A2036E015000935CA /* PBXContainerItemProxy */ = {
			isa = PBXContainerItemProxy;
			containerPortal = 7775D3122036E015000935CA /* Project object */;
			proxyType = 1;
			remoteGlobalIDString = 7775D3192036E015000935CA;
			remoteInfo = Hackathon;
		};
/* End PBXContainerItemProxy section */

/* Begin PBXFileReference section */
		0315F1D841C81E85BD6DD3A9 /* Pods-HackathonUITests.debug.xcconfig */ = {isa = PBXFileReference; includeInIndex = 1; lastKnownFileType = text.xcconfig; name = "Pods-HackathonUITests.debug.xcconfig"; path = "Pods/Target Support Files/Pods-HackathonUITests/Pods-HackathonUITests.debug.xcconfig"; sourceTree = "<group>"; };
		0C723A7DE1B4062BF234F359 /* Pods_HackathonTests.framework */ = {isa = PBXFileReference; explicitFileType = wrapper.framework; includeInIndex = 0; path = Pods_HackathonTests.framework; sourceTree = BUILT_PRODUCTS_DIR; };
		33C81DA157DD3457365A0BF7 /* Pods-HackathonUITests.release.xcconfig */ = {isa = PBXFileReference; includeInIndex = 1; lastKnownFileType = text.xcconfig; name = "Pods-HackathonUITests.release.xcconfig"; path = "Pods/Target Support Files/Pods-HackathonUITests/Pods-HackathonUITests.release.xcconfig"; sourceTree = "<group>"; };
		37ABD7ED04F3882F150ACDC3 /* Pods-Hackathon.debug.xcconfig */ = {isa = PBXFileReference; includeInIndex = 1; lastKnownFileType = text.xcconfig; name = "Pods-Hackathon.debug.xcconfig"; path = "Pods/Target Support Files/Pods-Hackathon/Pods-Hackathon.debug.xcconfig"; sourceTree = "<group>"; };
		7714649D203847B600A61D51 /* User.swift */ = {isa = PBXFileReference; lastKnownFileType = sourcecode.swift; path = User.swift; sourceTree = "<group>"; };
		7714649F20385D3F00A61D51 /* BusinessError.swift */ = {isa = PBXFileReference; lastKnownFileType = sourcecode.swift; path = BusinessError.swift; sourceTree = "<group>"; };
		771464A1203860CE00A61D51 /* default.gpx */ = {isa = PBXFileReference; fileEncoding = 4; lastKnownFileType = text.xml; path = default.gpx; sourceTree = "<group>"; };
		771464A3203886A700A61D51 /* JLTGradientPathRenderer.swift */ = {isa = PBXFileReference; fileEncoding = 4; lastKnownFileType = sourcecode.swift; path = JLTGradientPathRenderer.swift; sourceTree = "<group>"; };
		771464A9203896ED00A61D51 /* TimelineTableViewCell.swift */ = {isa = PBXFileReference; lastKnownFileType = sourcecode.swift; path = TimelineTableViewCell.swift; sourceTree = "<group>"; };
		771464AB2038971F00A61D51 /* TimelineTableViewCell.xib */ = {isa = PBXFileReference; lastKnownFileType = file.xib; path = TimelineTableViewCell.xib; sourceTree = "<group>"; };
		771464AD2038B04700A61D51 /* ArrayExtensions.swift */ = {isa = PBXFileReference; lastKnownFileType = sourcecode.swift; path = ArrayExtensions.swift; sourceTree = "<group>"; };
		771464AF2038D51600A61D51 /* TransportationsViewController.swift */ = {isa = PBXFileReference; lastKnownFileType = sourcecode.swift; path = TransportationsViewController.swift; sourceTree = "<group>"; };
		7736AE6C203768AA00BB6780 /* Status.swift */ = {isa = PBXFileReference; lastKnownFileType = sourcecode.swift; path = Status.swift; sourceTree = "<group>"; };
		7736AE6E20376A8A00BB6780 /* Location.swift */ = {isa = PBXFileReference; lastKnownFileType = sourcecode.swift; path = Location.swift; sourceTree = "<group>"; };
		7736AE7020376B6000BB6780 /* Package.swift */ = {isa = PBXFileReference; lastKnownFileType = sourcecode.swift; path = Package.swift; sourceTree = "<group>"; };
		7736AE7B20376FE800BB6780 /* en */ = {isa = PBXFileReference; lastKnownFileType = text.plist.strings; name = en; path = en.lproj/Localization.strings; sourceTree = "<group>"; };
		7736AE7D20376FFC00BB6780 /* tr */ = {isa = PBXFileReference; lastKnownFileType = text.plist.strings; name = tr; path = tr.lproj/Localization.strings; sourceTree = "<group>"; };
		7736AE7F203771F400BB6780 /* R.generated.swift */ = {isa = PBXFileReference; fileEncoding = 4; lastKnownFileType = sourcecode.swift; path = R.generated.swift; sourceTree = SOURCE_ROOT; };
		7736AE83203774C400BB6780 /* LoginResponse.json */ = {isa = PBXFileReference; lastKnownFileType = text.json; path = LoginResponse.json; sourceTree = "<group>"; };
		7736AE852037755800BB6780 /* LoginResponse.swift */ = {isa = PBXFileReference; lastKnownFileType = sourcecode.swift; path = LoginResponse.swift; sourceTree = "<group>"; };
		7736AE872037767600BB6780 /* CheckResponse.swift */ = {isa = PBXFileReference; lastKnownFileType = sourcecode.swift; path = CheckResponse.swift; sourceTree = "<group>"; };
		7736AE8A2037778A00BB6780 /* APIConfiguration.swift */ = {isa = PBXFileReference; fileEncoding = 4; lastKnownFileType = sourcecode.swift; path = APIConfiguration.swift; sourceTree = "<group>"; };
		7736AE8C20377A5300BB6780 /* UserRouter.swift */ = {isa = PBXFileReference; lastKnownFileType = sourcecode.swift; path = UserRouter.swift; sourceTree = "<group>"; };
		7736AE8E20377D9800BB6780 /* LoginViewController.swift */ = {isa = PBXFileReference; lastKnownFileType = sourcecode.swift; path = LoginViewController.swift; sourceTree = "<group>"; };
		7736AE90203788EA00BB6780 /* APIManager.swift */ = {isa = PBXFileReference; lastKnownFileType = sourcecode.swift; path = APIManager.swift; sourceTree = "<group>"; };
		7736AE9320378BBE00BB6780 /* UIViewControllerExtensions.swift */ = {isa = PBXFileReference; lastKnownFileType = sourcecode.swift; path = UIViewControllerExtensions.swift; sourceTree = "<group>"; };
		7736AE9520378DA500BB6780 /* Package.storyboard */ = {isa = PBXFileReference; lastKnownFileType = file.storyboard; path = Package.storyboard; sourceTree = "<group>"; };
		7736AE97203792E100BB6780 /* PackageListViewController.swift */ = {isa = PBXFileReference; lastKnownFileType = sourcecode.swift; path = PackageListViewController.swift; sourceTree = "<group>"; };
		7736AE9D2037A11B00BB6780 /* en */ = {isa = PBXFileReference; lastKnownFileType = text.plist.strings; name = en; path = en.lproj/InfoPlist.strings; sourceTree = "<group>"; };
		7736AE9F2037A11D00BB6780 /* tr */ = {isa = PBXFileReference; lastKnownFileType = text.plist.strings; name = tr; path = tr.lproj/InfoPlist.strings; sourceTree = "<group>"; };
		7736AEA02037A9E900BB6780 /* Capacity.swift */ = {isa = PBXFileReference; lastKnownFileType = sourcecode.swift; path = Capacity.swift; sourceTree = "<group>"; };
		7736AEA22037AD6400BB6780 /* CLLocationExtensions.swift */ = {isa = PBXFileReference; lastKnownFileType = sourcecode.swift; path = CLLocationExtensions.swift; sourceTree = "<group>"; };
		7736AEA62037ADC900BB6780 /* LocationProtocol.swift */ = {isa = PBXFileReference; lastKnownFileType = sourcecode.swift; path = LocationProtocol.swift; sourceTree = "<group>"; };
		7736AEA82037B3F200BB6780 /* PackageListResponse.swift */ = {isa = PBXFileReference; lastKnownFileType = sourcecode.swift; path = PackageListResponse.swift; sourceTree = "<group>"; };
		7736AEAA2037B44400BB6780 /* PackageRouter.swift */ = {isa = PBXFileReference; lastKnownFileType = sourcecode.swift; path = PackageRouter.swift; sourceTree = "<group>"; };
		7736AEAE2037B4FF00BB6780 /* PackageListResponse.json */ = {isa = PBXFileReference; fileEncoding = 4; lastKnownFileType = text.json; path = PackageListResponse.json; sourceTree = "<group>"; };
		7736AEB12037B73000BB6780 /* PackageTableViewCell.swift */ = {isa = PBXFileReference; lastKnownFileType = sourcecode.swift; path = PackageTableViewCell.swift; sourceTree = "<group>"; };
		7736AEB32037B75400BB6780 /* PackageTableViewCell.xib */ = {isa = PBXFileReference; lastKnownFileType = file.xib; path = PackageTableViewCell.xib; sourceTree = "<group>"; };
		7775D31A2036E015000935CA /* Hackathon.app */ = {isa = PBXFileReference; explicitFileType = wrapper.application; includeInIndex = 0; path = Hackathon.app; sourceTree = BUILT_PRODUCTS_DIR; };
		7775D31D2036E015000935CA /* AppDelegate.swift */ = {isa = PBXFileReference; lastKnownFileType = sourcecode.swift; path = AppDelegate.swift; sourceTree = "<group>"; };
		7775D31F2036E015000935CA /* BaseViewController.swift */ = {isa = PBXFileReference; lastKnownFileType = sourcecode.swift; path = BaseViewController.swift; sourceTree = "<group>"; };
		7775D3222036E015000935CA /* Base */ = {isa = PBXFileReference; lastKnownFileType = file.storyboard; name = Base; path = Base.lproj/Login.storyboard; sourceTree = "<group>"; };
		7775D3242036E015000935CA /* Assets.xcassets */ = {isa = PBXFileReference; lastKnownFileType = folder.assetcatalog; path = Assets.xcassets; sourceTree = "<group>"; };
		7775D3272036E015000935CA /* Base */ = {isa = PBXFileReference; lastKnownFileType = file.storyboard; name = Base; path = Base.lproj/LaunchScreen.storyboard; sourceTree = "<group>"; };
		7775D3292036E015000935CA /* Info.plist */ = {isa = PBXFileReference; lastKnownFileType = text.plist.xml; path = Info.plist; sourceTree = "<group>"; };
		7775D32E2036E015000935CA /* HackathonTests.xctest */ = {isa = PBXFileReference; explicitFileType = wrapper.cfbundle; includeInIndex = 0; path = HackathonTests.xctest; sourceTree = BUILT_PRODUCTS_DIR; };
		7775D3322036E015000935CA /* HackathonTests.swift */ = {isa = PBXFileReference; lastKnownFileType = sourcecode.swift; path = HackathonTests.swift; sourceTree = "<group>"; };
		7775D3342036E015000935CA /* Info.plist */ = {isa = PBXFileReference; lastKnownFileType = text.plist.xml; path = Info.plist; sourceTree = "<group>"; };
		7775D3392036E015000935CA /* HackathonUITests.xctest */ = {isa = PBXFileReference; explicitFileType = wrapper.cfbundle; includeInIndex = 0; path = HackathonUITests.xctest; sourceTree = BUILT_PRODUCTS_DIR; };
		7775D33D2036E015000935CA /* HackathonUITests.swift */ = {isa = PBXFileReference; lastKnownFileType = sourcecode.swift; path = HackathonUITests.swift; sourceTree = "<group>"; };
		7775D33F2036E015000935CA /* Info.plist */ = {isa = PBXFileReference; lastKnownFileType = text.plist.xml; path = Info.plist; sourceTree = "<group>"; };
		77C121372037C6E800223BCE /* PackageRoutesViewController.swift */ = {isa = PBXFileReference; lastKnownFileType = sourcecode.swift; path = PackageRoutesViewController.swift; sourceTree = "<group>"; };
		77C1213B2037DE7100223BCE /* GetPackageRoutesResponse.json */ = {isa = PBXFileReference; lastKnownFileType = text.json; path = GetPackageRoutesResponse.json; sourceTree = "<group>"; };
		77C1213D2037DFCB00223BCE /* TransportationPackagesResponse.swift */ = {isa = PBXFileReference; lastKnownFileType = sourcecode.swift; path = TransportationPackagesResponse.swift; sourceTree = "<group>"; };
		77C1213F2037EC8800223BCE /* PickUpResponse.json */ = {isa = PBXFileReference; lastKnownFileType = text.json; path = PickUpResponse.json; sourceTree = "<group>"; };
		77C121412037ECA000223BCE /* PickUpPackageResponse.swift */ = {isa = PBXFileReference; lastKnownFileType = sourcecode.swift; path = PickUpPackageResponse.swift; sourceTree = "<group>"; };
		77C121432037ED0300223BCE /* FinishTransportationResponse.swift */ = {isa = PBXFileReference; lastKnownFileType = sourcecode.swift; path = FinishTransportationResponse.swift; sourceTree = "<group>"; };
		77C1214820381B2D00223BCE /* en */ = {isa = PBXFileReference; lastKnownFileType = text.plist.stringsdict; name = en; path = en.lproj/Localization.stringsdict; sourceTree = "<group>"; };
		77C1214A20381B2E00223BCE /* tr */ = {isa = PBXFileReference; lastKnownFileType = text.plist.stringsdict; name = tr; path = tr.lproj/Localization.stringsdict; sourceTree = "<group>"; };
		77C1214C2038264000223BCE /* Formatter.swift */ = {isa = PBXFileReference; lastKnownFileType = sourcecode.swift; path = Formatter.swift; sourceTree = "<group>"; };
		790E3DDE8D6C2440058A8DA4 /* Pods_Hackathon.framework */ = {isa = PBXFileReference; explicitFileType = wrapper.framework; includeInIndex = 0; path = Pods_Hackathon.framework; sourceTree = BUILT_PRODUCTS_DIR; };
		8D5E65216845CB9AB327C4EB /* Pods-Hackathon.release.xcconfig */ = {isa = PBXFileReference; includeInIndex = 1; lastKnownFileType = text.xcconfig; name = "Pods-Hackathon.release.xcconfig"; path = "Pods/Target Support Files/Pods-Hackathon/Pods-Hackathon.release.xcconfig"; sourceTree = "<group>"; };
		B0A94F30529E8800B829B3D1 /* Pods-HackathonTests.debug.xcconfig */ = {isa = PBXFileReference; includeInIndex = 1; lastKnownFileType = text.xcconfig; name = "Pods-HackathonTests.debug.xcconfig"; path = "Pods/Target Support Files/Pods-HackathonTests/Pods-HackathonTests.debug.xcconfig"; sourceTree = "<group>"; };
		DA7F538D20DBA59970B5F38D /* Pods_HackathonUITests.framework */ = {isa = PBXFileReference; explicitFileType = wrapper.framework; includeInIndex = 0; path = Pods_HackathonUITests.framework; sourceTree = BUILT_PRODUCTS_DIR; };
		FBF81A1F0D45916A47639585 /* Pods-HackathonTests.release.xcconfig */ = {isa = PBXFileReference; includeInIndex = 1; lastKnownFileType = text.xcconfig; name = "Pods-HackathonTests.release.xcconfig"; path = "Pods/Target Support Files/Pods-HackathonTests/Pods-HackathonTests.release.xcconfig"; sourceTree = "<group>"; };
/* End PBXFileReference section */

/* Begin PBXFrameworksBuildPhase section */
		7775D3172036E015000935CA /* Frameworks */ = {
			isa = PBXFrameworksBuildPhase;
			buildActionMask = 2147483647;
			files = (
				5A40C63EB0A89F836CCF39C3 /* Pods_Hackathon.framework in Frameworks */,
			);
			runOnlyForDeploymentPostprocessing = 0;
		};
		7775D32B2036E015000935CA /* Frameworks */ = {
			isa = PBXFrameworksBuildPhase;
			buildActionMask = 2147483647;
			files = (
				2F79168D82F78F615B7CD5ED /* Pods_HackathonTests.framework in Frameworks */,
			);
			runOnlyForDeploymentPostprocessing = 0;
		};
		7775D3362036E015000935CA /* Frameworks */ = {
			isa = PBXFrameworksBuildPhase;
			buildActionMask = 2147483647;
			files = (
				42636F3C1CB90EA1562DD0F6 /* Pods_HackathonUITests.framework in Frameworks */,
			);
			runOnlyForDeploymentPostprocessing = 0;
		};
/* End PBXFrameworksBuildPhase section */

/* Begin PBXGroup section */
		7736AE6B203768A300BB6780 /* Model */ = {
			isa = PBXGroup;
			children = (
				7736AE6C203768AA00BB6780 /* Status.swift */,
				7736AE6E20376A8A00BB6780 /* Location.swift */,
				7736AE7020376B6000BB6780 /* Package.swift */,
				7736AE852037755800BB6780 /* LoginResponse.swift */,
				7736AE872037767600BB6780 /* CheckResponse.swift */,
				7736AEA02037A9E900BB6780 /* Capacity.swift */,
				7736AEA82037B3F200BB6780 /* PackageListResponse.swift */,
				77C1213D2037DFCB00223BCE /* TransportationPackagesResponse.swift */,
				77C121412037ECA000223BCE /* PickUpPackageResponse.swift */,
				77C121432037ED0300223BCE /* FinishTransportationResponse.swift */,
				7714649D203847B600A61D51 /* User.swift */,
			);
			path = Model;
			sourceTree = "<group>";
		};
		7736AE7620376F8600BB6780 /* ViewControllers */ = {
			isa = PBXGroup;
			children = (
				7775D31F2036E015000935CA /* BaseViewController.swift */,
				7736AE8E20377D9800BB6780 /* LoginViewController.swift */,
				7736AE97203792E100BB6780 /* PackageListViewController.swift */,
				77C121372037C6E800223BCE /* PackageRoutesViewController.swift */,
				771464AF2038D51600A61D51 /* TransportationsViewController.swift */,
			);
			path = ViewControllers;
			sourceTree = "<group>";
		};
		7736AE7720376F9500BB6780 /* Resources */ = {
			isa = PBXGroup;
			children = (
				771464A1203860CE00A61D51 /* default.gpx */,
				7736AE812037741400BB6780 /* JSON */,
				7736AE7F203771F400BB6780 /* R.generated.swift */,
				7775D3242036E015000935CA /* Assets.xcassets */,
				7736AE7C20376FE800BB6780 /* Localization.strings */,
				7736AE9E2037A11B00BB6780 /* InfoPlist.strings */,
				77C1214920381B2D00223BCE /* Localization.stringsdict */,
			);
			path = Resources;
			sourceTree = "<group>";
		};
		7736AE812037741400BB6780 /* JSON */ = {
			isa = PBXGroup;
			children = (
				7736AEAE2037B4FF00BB6780 /* PackageListResponse.json */,
				7736AE83203774C400BB6780 /* LoginResponse.json */,
				77C1213B2037DE7100223BCE /* GetPackageRoutesResponse.json */,
				77C1213F2037EC8800223BCE /* PickUpResponse.json */,
			);
			path = JSON;
			sourceTree = "<group>";
		};
		7736AE822037744C00BB6780 /* Storyboards */ = {
			isa = PBXGroup;
			children = (
				7775D3212036E015000935CA /* Login.storyboard */,
				7775D3262036E015000935CA /* LaunchScreen.storyboard */,
				7736AE9520378DA500BB6780 /* Package.storyboard */,
			);
			path = Storyboards;
			sourceTree = "<group>";
		};
		7736AE892037776E00BB6780 /* Network */ = {
			isa = PBXGroup;
			children = (
				7736AE8A2037778A00BB6780 /* APIConfiguration.swift */,
				7736AE8C20377A5300BB6780 /* UserRouter.swift */,
				7736AE90203788EA00BB6780 /* APIManager.swift */,
				7736AEAA2037B44400BB6780 /* PackageRouter.swift */,
			);
			path = Network;
			sourceTree = "<group>";
		};
		7736AE9220378BB300BB6780 /* Extensions */ = {
			isa = PBXGroup;
			children = (
				7736AE9320378BBE00BB6780 /* UIViewControllerExtensions.swift */,
				7736AEA22037AD6400BB6780 /* CLLocationExtensions.swift */,
				771464AD2038B04700A61D51 /* ArrayExtensions.swift */,
			);
			path = Extensions;
			sourceTree = "<group>";
		};
		7736AEA52037ADBC00BB6780 /* Protocols */ = {
			isa = PBXGroup;
			children = (
				7736AEA62037ADC900BB6780 /* LocationProtocol.swift */,
			);
			path = Protocols;
			sourceTree = "<group>";
		};
		7736AEB02037B66200BB6780 /* Views */ = {
			isa = PBXGroup;
			children = (
				7736AEB12037B73000BB6780 /* PackageTableViewCell.swift */,
				7736AEB32037B75400BB6780 /* PackageTableViewCell.xib */,
				771464A9203896ED00A61D51 /* TimelineTableViewCell.swift */,
				771464AB2038971F00A61D51 /* TimelineTableViewCell.xib */,
			);
			path = Views;
			sourceTree = "<group>";
		};
		7775D3112036E015000935CA = {
			isa = PBXGroup;
			children = (
				7775D31C2036E015000935CA /* Hackathon */,
				7775D3312036E015000935CA /* HackathonTests */,
				7775D33C2036E015000935CA /* HackathonUITests */,
				7775D31B2036E015000935CA /* Products */,
				DFC1E15971853B28085FBF3C /* Pods */,
				9187F88186E2A1ECA65FCAAB /* Frameworks */,
			);
			sourceTree = "<group>";
		};
		7775D31B2036E015000935CA /* Products */ = {
			isa = PBXGroup;
			children = (
				7775D31A2036E015000935CA /* Hackathon.app */,
				7775D32E2036E015000935CA /* HackathonTests.xctest */,
				7775D3392036E015000935CA /* HackathonUITests.xctest */,
			);
			name = Products;
			sourceTree = "<group>";
		};
		7775D31C2036E015000935CA /* Hackathon */ = {
			isa = PBXGroup;
			children = (
				77C1214B2038263800223BCE /* Utils */,
				7736AEA52037ADBC00BB6780 /* Protocols */,
				7736AE9220378BB300BB6780 /* Extensions */,
				7736AE822037744C00BB6780 /* Storyboards */,
				7736AE7720376F9500BB6780 /* Resources */,
				7736AE7620376F8600BB6780 /* ViewControllers */,
				7736AEB02037B66200BB6780 /* Views */,
				7736AE6B203768A300BB6780 /* Model */,
				7736AE892037776E00BB6780 /* Network */,
				7775D31D2036E015000935CA /* AppDelegate.swift */,
				7775D3292036E015000935CA /* Info.plist */,
				7714649F20385D3F00A61D51 /* BusinessError.swift */,
			);
			path = Hackathon;
			sourceTree = "<group>";
		};
		7775D3312036E015000935CA /* HackathonTests */ = {
			isa = PBXGroup;
			children = (
				7775D3322036E015000935CA /* HackathonTests.swift */,
				7775D3342036E015000935CA /* Info.plist */,
			);
			path = HackathonTests;
			sourceTree = "<group>";
		};
		7775D33C2036E015000935CA /* HackathonUITests */ = {
			isa = PBXGroup;
			children = (
				7775D33D2036E015000935CA /* HackathonUITests.swift */,
				7775D33F2036E015000935CA /* Info.plist */,
			);
			path = HackathonUITests;
			sourceTree = "<group>";
		};
		77C1214B2038263800223BCE /* Utils */ = {
			isa = PBXGroup;
			children = (
				771464A3203886A700A61D51 /* JLTGradientPathRenderer.swift */,
				77C1214C2038264000223BCE /* Formatter.swift */,
			);
			path = Utils;
			sourceTree = "<group>";
		};
		9187F88186E2A1ECA65FCAAB /* Frameworks */ = {
			isa = PBXGroup;
			children = (
				790E3DDE8D6C2440058A8DA4 /* Pods_Hackathon.framework */,
				0C723A7DE1B4062BF234F359 /* Pods_HackathonTests.framework */,
				DA7F538D20DBA59970B5F38D /* Pods_HackathonUITests.framework */,
			);
			name = Frameworks;
			sourceTree = "<group>";
		};
		DFC1E15971853B28085FBF3C /* Pods */ = {
			isa = PBXGroup;
			children = (
				37ABD7ED04F3882F150ACDC3 /* Pods-Hackathon.debug.xcconfig */,
				8D5E65216845CB9AB327C4EB /* Pods-Hackathon.release.xcconfig */,
				B0A94F30529E8800B829B3D1 /* Pods-HackathonTests.debug.xcconfig */,
				FBF81A1F0D45916A47639585 /* Pods-HackathonTests.release.xcconfig */,
				0315F1D841C81E85BD6DD3A9 /* Pods-HackathonUITests.debug.xcconfig */,
				33C81DA157DD3457365A0BF7 /* Pods-HackathonUITests.release.xcconfig */,
			);
			name = Pods;
			sourceTree = "<group>";
		};
/* End PBXGroup section */

/* Begin PBXNativeTarget section */
		7775D3192036E015000935CA /* Hackathon */ = {
			isa = PBXNativeTarget;
			buildConfigurationList = 7775D3422036E015000935CA /* Build configuration list for PBXNativeTarget "Hackathon" */;
			buildPhases = (
				7646B0E0115EE6BA659D96D9 /* [CP] Check Pods Manifest.lock */,
				7775D34B2036EB89000935CA /* ShellScript */,
				7736AE7E2037719C00BB6780 /* ShellScript */,
				7775D3162036E015000935CA /* Sources */,
				7775D3172036E015000935CA /* Frameworks */,
				7775D3182036E015000935CA /* Resources */,
				37BE126897489C783F718C06 /* [CP] Embed Pods Frameworks */,
				FCBAF0F144995FB4C98D43B6 /* [CP] Copy Pods Resources */,
			);
			buildRules = (
			);
			dependencies = (
			);
			name = Hackathon;
			productName = Hackathon;
			productReference = 7775D31A2036E015000935CA /* Hackathon.app */;
			productType = "com.apple.product-type.application";
		};
		7775D32D2036E015000935CA /* HackathonTests */ = {
			isa = PBXNativeTarget;
			buildConfigurationList = 7775D3452036E015000935CA /* Build configuration list for PBXNativeTarget "HackathonTests" */;
			buildPhases = (
				E4DA77CAFFD5DC75167671A4 /* [CP] Check Pods Manifest.lock */,
				7775D32A2036E015000935CA /* Sources */,
				7775D32B2036E015000935CA /* Frameworks */,
				7775D32C2036E015000935CA /* Resources */,
				78C30AE1A6C84CCC282DFF4D /* [CP] Embed Pods Frameworks */,
				8B6447F6A1DF2D8743A62395 /* [CP] Copy Pods Resources */,
			);
			buildRules = (
			);
			dependencies = (
				7775D3302036E015000935CA /* PBXTargetDependency */,
			);
			name = HackathonTests;
			productName = HackathonTests;
			productReference = 7775D32E2036E015000935CA /* HackathonTests.xctest */;
			productType = "com.apple.product-type.bundle.unit-test";
		};
		7775D3382036E015000935CA /* HackathonUITests */ = {
			isa = PBXNativeTarget;
			buildConfigurationList = 7775D3482036E015000935CA /* Build configuration list for PBXNativeTarget "HackathonUITests" */;
			buildPhases = (
				85D041A1C673C172C3DFEFE6 /* [CP] Check Pods Manifest.lock */,
				7775D3352036E015000935CA /* Sources */,
				7775D3362036E015000935CA /* Frameworks */,
				7775D3372036E015000935CA /* Resources */,
				BF64ECA40F8DCFE9B4047DC4 /* [CP] Embed Pods Frameworks */,
				9E5252E3F946D3FD290C60D8 /* [CP] Copy Pods Resources */,
			);
			buildRules = (
			);
			dependencies = (
				7775D33B2036E015000935CA /* PBXTargetDependency */,
			);
			name = HackathonUITests;
			productName = HackathonUITests;
			productReference = 7775D3392036E015000935CA /* HackathonUITests.xctest */;
			productType = "com.apple.product-type.bundle.ui-testing";
		};
/* End PBXNativeTarget section */

/* Begin PBXProject section */
		7775D3122036E015000935CA /* Project object */ = {
			isa = PBXProject;
			attributes = {
				LastSwiftUpdateCheck = 0920;
				LastUpgradeCheck = 0920;
				ORGANIZATIONNAME = mbesnili;
				TargetAttributes = {
					7775D3192036E015000935CA = {
						CreatedOnToolsVersion = 9.2;
						ProvisioningStyle = Automatic;
						SystemCapabilities = {
							com.apple.BackgroundModes = {
								enabled = 1;
							};
						};
					};
					7775D32D2036E015000935CA = {
						CreatedOnToolsVersion = 9.2;
						ProvisioningStyle = Automatic;
						TestTargetID = 7775D3192036E015000935CA;
					};
					7775D3382036E015000935CA = {
						CreatedOnToolsVersion = 9.2;
						ProvisioningStyle = Automatic;
						TestTargetID = 7775D3192036E015000935CA;
					};
				};
			};
			buildConfigurationList = 7775D3152036E015000935CA /* Build configuration list for PBXProject "Hackathon" */;
			compatibilityVersion = "Xcode 8.0";
			developmentRegion = en;
			hasScannedForEncodings = 0;
			knownRegions = (
				en,
				Base,
				tr,
			);
			mainGroup = 7775D3112036E015000935CA;
			productRefGroup = 7775D31B2036E015000935CA /* Products */;
			projectDirPath = "";
			projectRoot = "";
			targets = (
				7775D3192036E015000935CA /* Hackathon */,
				7775D32D2036E015000935CA /* HackathonTests */,
				7775D3382036E015000935CA /* HackathonUITests */,
			);
		};
/* End PBXProject section */

/* Begin PBXResourcesBuildPhase section */
		7775D3182036E015000935CA /* Resources */ = {
			isa = PBXResourcesBuildPhase;
			buildActionMask = 2147483647;
			files = (
				7775D3282036E015000935CA /* LaunchScreen.storyboard in Resources */,
				77C1214720381B2D00223BCE /* Localization.stringsdict in Resources */,
				7736AE9C2037A11B00BB6780 /* InfoPlist.strings in Resources */,
				7736AE7A20376FE800BB6780 /* Localization.strings in Resources */,
				7736AE84203774C400BB6780 /* LoginResponse.json in Resources */,
				77C1213C2037DE7100223BCE /* GetPackageRoutesResponse.json in Resources */,
				7775D3252036E015000935CA /* Assets.xcassets in Resources */,
				771464A2203860CE00A61D51 /* default.gpx in Resources */,
				7736AEB42037B75400BB6780 /* PackageTableViewCell.xib in Resources */,
				7775D3232036E015000935CA /* Login.storyboard in Resources */,
				771464AC2038971F00A61D51 /* TimelineTableViewCell.xib in Resources */,
				77C121402037EC8800223BCE /* PickUpResponse.json in Resources */,
				7736AE9620378DA500BB6780 /* Package.storyboard in Resources */,
				7736AEAF2037B4FF00BB6780 /* PackageListResponse.json in Resources */,
			);
			runOnlyForDeploymentPostprocessing = 0;
		};
		7775D32C2036E015000935CA /* Resources */ = {
			isa = PBXResourcesBuildPhase;
			buildActionMask = 2147483647;
			files = (
			);
			runOnlyForDeploymentPostprocessing = 0;
		};
		7775D3372036E015000935CA /* Resources */ = {
			isa = PBXResourcesBuildPhase;
			buildActionMask = 2147483647;
			files = (
			);
			runOnlyForDeploymentPostprocessing = 0;
		};
/* End PBXResourcesBuildPhase section */

/* Begin PBXShellScriptBuildPhase section */
		37BE126897489C783F718C06 /* [CP] Embed Pods Frameworks */ = {
			isa = PBXShellScriptBuildPhase;
			buildActionMask = 2147483647;
			files = (
			);
			inputPaths = (
				"${SRCROOT}/Pods/Target Support Files/Pods-Hackathon/Pods-Hackathon-frameworks.sh",
				"${BUILT_PRODUCTS_DIR}/Alamofire/Alamofire.framework",
				"${BUILT_PRODUCTS_DIR}/DeepDiff/DeepDiff.framework",
				"${BUILT_PRODUCTS_DIR}/Marshal/Marshal.framework",
				"${BUILT_PRODUCTS_DIR}/NVActivityIndicatorView/NVActivityIndicatorView.framework",
				"${BUILT_PRODUCTS_DIR}/Permission/Permission.framework",
				"${BUILT_PRODUCTS_DIR}/R.swift.Library/Rswift.framework",
				"${BUILT_PRODUCTS_DIR}/Reusable/Reusable.framework",
				"${BUILT_PRODUCTS_DIR}/UIFontComplete/UIFontComplete.framework",
			);
			name = "[CP] Embed Pods Frameworks";
			outputPaths = (
				"${TARGET_BUILD_DIR}/${FRAMEWORKS_FOLDER_PATH}/Alamofire.framework",
				"${TARGET_BUILD_DIR}/${FRAMEWORKS_FOLDER_PATH}/DeepDiff.framework",
				"${TARGET_BUILD_DIR}/${FRAMEWORKS_FOLDER_PATH}/Marshal.framework",
				"${TARGET_BUILD_DIR}/${FRAMEWORKS_FOLDER_PATH}/NVActivityIndicatorView.framework",
				"${TARGET_BUILD_DIR}/${FRAMEWORKS_FOLDER_PATH}/Permission.framework",
				"${TARGET_BUILD_DIR}/${FRAMEWORKS_FOLDER_PATH}/Rswift.framework",
				"${TARGET_BUILD_DIR}/${FRAMEWORKS_FOLDER_PATH}/Reusable.framework",
				"${TARGET_BUILD_DIR}/${FRAMEWORKS_FOLDER_PATH}/UIFontComplete.framework",
			);
			runOnlyForDeploymentPostprocessing = 0;
			shellPath = /bin/sh;
			shellScript = "\"${SRCROOT}/Pods/Target Support Files/Pods-Hackathon/Pods-Hackathon-frameworks.sh\"\n";
			showEnvVarsInLog = 0;
		};
		7646B0E0115EE6BA659D96D9 /* [CP] Check Pods Manifest.lock */ = {
			isa = PBXShellScriptBuildPhase;
			buildActionMask = 2147483647;
			files = (
			);
			inputPaths = (
				"${PODS_PODFILE_DIR_PATH}/Podfile.lock",
				"${PODS_ROOT}/Manifest.lock",
			);
			name = "[CP] Check Pods Manifest.lock";
			outputPaths = (
				"$(DERIVED_FILE_DIR)/Pods-Hackathon-checkManifestLockResult.txt",
			);
			runOnlyForDeploymentPostprocessing = 0;
			shellPath = /bin/sh;
			shellScript = "diff \"${PODS_PODFILE_DIR_PATH}/Podfile.lock\" \"${PODS_ROOT}/Manifest.lock\" > /dev/null\nif [ $? != 0 ] ; then\n    # print error to STDERR\n    echo \"error: The sandbox is not in sync with the Podfile.lock. Run 'pod install' or update your CocoaPods installation.\" >&2\n    exit 1\nfi\n# This output is used by Xcode 'outputs' to avoid re-running this script phase.\necho \"SUCCESS\" > \"${SCRIPT_OUTPUT_FILE_0}\"\n";
			showEnvVarsInLog = 0;
		};
		7736AE7E2037719C00BB6780 /* ShellScript */ = {
			isa = PBXShellScriptBuildPhase;
			buildActionMask = 2147483647;
			files = (
			);
			inputPaths = (
			);
			outputPaths = (
			);
			runOnlyForDeploymentPostprocessing = 0;
			shellPath = /bin/sh;
			shellScript = "\"$PODS_ROOT/R.swift/rswift\" generate \"$SRCROOT\"";
		};
		7775D34B2036EB89000935CA /* ShellScript */ = {
			isa = PBXShellScriptBuildPhase;
			buildActionMask = 2147483647;
			files = (
			);
			inputPaths = (
			);
			outputPaths = (
			);
			runOnlyForDeploymentPostprocessing = 0;
			shellPath = /bin/sh;
			shellScript = "\"${PODS_ROOT}/SwiftFormat/CommandLineTool/swiftformat\" \"${SRCROOT}/Hackathon\"\n";
		};
		78C30AE1A6C84CCC282DFF4D /* [CP] Embed Pods Frameworks */ = {
			isa = PBXShellScriptBuildPhase;
			buildActionMask = 2147483647;
			files = (
			);
			inputPaths = (
			);
			name = "[CP] Embed Pods Frameworks";
			outputPaths = (
			);
			runOnlyForDeploymentPostprocessing = 0;
			shellPath = /bin/sh;
			shellScript = "\"${SRCROOT}/Pods/Target Support Files/Pods-HackathonTests/Pods-HackathonTests-frameworks.sh\"\n";
			showEnvVarsInLog = 0;
		};
		85D041A1C673C172C3DFEFE6 /* [CP] Check Pods Manifest.lock */ = {
			isa = PBXShellScriptBuildPhase;
			buildActionMask = 2147483647;
			files = (
			);
			inputPaths = (
				"${PODS_PODFILE_DIR_PATH}/Podfile.lock",
				"${PODS_ROOT}/Manifest.lock",
			);
			name = "[CP] Check Pods Manifest.lock";
			outputPaths = (
				"$(DERIVED_FILE_DIR)/Pods-HackathonUITests-checkManifestLockResult.txt",
			);
			runOnlyForDeploymentPostprocessing = 0;
			shellPath = /bin/sh;
			shellScript = "diff \"${PODS_PODFILE_DIR_PATH}/Podfile.lock\" \"${PODS_ROOT}/Manifest.lock\" > /dev/null\nif [ $? != 0 ] ; then\n    # print error to STDERR\n    echo \"error: The sandbox is not in sync with the Podfile.lock. Run 'pod install' or update your CocoaPods installation.\" >&2\n    exit 1\nfi\n# This output is used by Xcode 'outputs' to avoid re-running this script phase.\necho \"SUCCESS\" > \"${SCRIPT_OUTPUT_FILE_0}\"\n";
			showEnvVarsInLog = 0;
		};
		8B6447F6A1DF2D8743A62395 /* [CP] Copy Pods Resources */ = {
			isa = PBXShellScriptBuildPhase;
			buildActionMask = 2147483647;
			files = (
			);
			inputPaths = (
			);
			name = "[CP] Copy Pods Resources";
			outputPaths = (
			);
			runOnlyForDeploymentPostprocessing = 0;
			shellPath = /bin/sh;
			shellScript = "\"${SRCROOT}/Pods/Target Support Files/Pods-HackathonTests/Pods-HackathonTests-resources.sh\"\n";
			showEnvVarsInLog = 0;
		};
		9E5252E3F946D3FD290C60D8 /* [CP] Copy Pods Resources */ = {
			isa = PBXShellScriptBuildPhase;
			buildActionMask = 2147483647;
			files = (
			);
			inputPaths = (
			);
			name = "[CP] Copy Pods Resources";
			outputPaths = (
			);
			runOnlyForDeploymentPostprocessing = 0;
			shellPath = /bin/sh;
			shellScript = "\"${SRCROOT}/Pods/Target Support Files/Pods-HackathonUITests/Pods-HackathonUITests-resources.sh\"\n";
			showEnvVarsInLog = 0;
		};
		BF64ECA40F8DCFE9B4047DC4 /* [CP] Embed Pods Frameworks */ = {
			isa = PBXShellScriptBuildPhase;
			buildActionMask = 2147483647;
			files = (
			);
			inputPaths = (
			);
			name = "[CP] Embed Pods Frameworks";
			outputPaths = (
			);
			runOnlyForDeploymentPostprocessing = 0;
			shellPath = /bin/sh;
			shellScript = "\"${SRCROOT}/Pods/Target Support Files/Pods-HackathonUITests/Pods-HackathonUITests-frameworks.sh\"\n";
			showEnvVarsInLog = 0;
		};
		E4DA77CAFFD5DC75167671A4 /* [CP] Check Pods Manifest.lock */ = {
			isa = PBXShellScriptBuildPhase;
			buildActionMask = 2147483647;
			files = (
			);
			inputPaths = (
				"${PODS_PODFILE_DIR_PATH}/Podfile.lock",
				"${PODS_ROOT}/Manifest.lock",
			);
			name = "[CP] Check Pods Manifest.lock";
			outputPaths = (
				"$(DERIVED_FILE_DIR)/Pods-HackathonTests-checkManifestLockResult.txt",
			);
			runOnlyForDeploymentPostprocessing = 0;
			shellPath = /bin/sh;
			shellScript = "diff \"${PODS_PODFILE_DIR_PATH}/Podfile.lock\" \"${PODS_ROOT}/Manifest.lock\" > /dev/null\nif [ $? != 0 ] ; then\n    # print error to STDERR\n    echo \"error: The sandbox is not in sync with the Podfile.lock. Run 'pod install' or update your CocoaPods installation.\" >&2\n    exit 1\nfi\n# This output is used by Xcode 'outputs' to avoid re-running this script phase.\necho \"SUCCESS\" > \"${SCRIPT_OUTPUT_FILE_0}\"\n";
			showEnvVarsInLog = 0;
		};
		FCBAF0F144995FB4C98D43B6 /* [CP] Copy Pods Resources */ = {
			isa = PBXShellScriptBuildPhase;
			buildActionMask = 2147483647;
			files = (
			);
			inputPaths = (
				"${SRCROOT}/Pods/Target Support Files/Pods-Hackathon/Pods-Hackathon-resources.sh",
				"${PODS_ROOT}/GoogleMaps/Maps/Frameworks/GoogleMaps.framework/Resources/GoogleMaps.bundle",
			);
			name = "[CP] Copy Pods Resources";
			outputPaths = (
				"${TARGET_BUILD_DIR}/${UNLOCALIZED_RESOURCES_FOLDER_PATH}",
			);
			runOnlyForDeploymentPostprocessing = 0;
			shellPath = /bin/sh;
			shellScript = "\"${SRCROOT}/Pods/Target Support Files/Pods-Hackathon/Pods-Hackathon-resources.sh\"\n";
			showEnvVarsInLog = 0;
		};
/* End PBXShellScriptBuildPhase section */

/* Begin PBXSourcesBuildPhase section */
		7775D3162036E015000935CA /* Sources */ = {
			isa = PBXSourcesBuildPhase;
			buildActionMask = 2147483647;
			files = (
				7714649E203847B600A61D51 /* User.swift in Sources */,
				771464AE2038B04700A61D51 /* ArrayExtensions.swift in Sources */,
				7736AE91203788EA00BB6780 /* APIManager.swift in Sources */,
				77C121442037ED0300223BCE /* FinishTransportationResponse.swift in Sources */,
				7736AEA92037B3F200BB6780 /* PackageListResponse.swift in Sources */,
				7775D3202036E015000935CA /* BaseViewController.swift in Sources */,
				7736AE7120376B6000BB6780 /* Package.swift in Sources */,
				7736AEB22037B73000BB6780 /* PackageTableViewCell.swift in Sources */,
				771464A020385D3F00A61D51 /* BusinessError.swift in Sources */,
				771464B02038D51600A61D51 /* TransportationsViewController.swift in Sources */,
				771464A4203886A700A61D51 /* JLTGradientPathRenderer.swift in Sources */,
				7736AEA12037A9E900BB6780 /* Capacity.swift in Sources */,
				7736AEA72037ADC900BB6780 /* LocationProtocol.swift in Sources */,
				7736AEAB2037B44400BB6780 /* PackageRouter.swift in Sources */,
				7736AE9420378BBE00BB6780 /* UIViewControllerExtensions.swift in Sources */,
				7775D31E2036E015000935CA /* AppDelegate.swift in Sources */,
				7736AE882037767600BB6780 /* CheckResponse.swift in Sources */,
				7736AE8B2037778A00BB6780 /* APIConfiguration.swift in Sources */,
				7736AE98203792E100BB6780 /* PackageListViewController.swift in Sources */,
				7736AE6F20376A8A00BB6780 /* Location.swift in Sources */,
				7736AE6D203768AA00BB6780 /* Status.swift in Sources */,
				7736AE80203771F400BB6780 /* R.generated.swift in Sources */,
				77C1214D2038264000223BCE /* Formatter.swift in Sources */,
				7736AE862037755800BB6780 /* LoginResponse.swift in Sources */,
				77C121422037ECA000223BCE /* PickUpPackageResponse.swift in Sources */,
				77C1213E2037DFCB00223BCE /* TransportationPackagesResponse.swift in Sources */,
				771464AA203896ED00A61D51 /* TimelineTableViewCell.swift in Sources */,
				7736AEA32037AD6400BB6780 /* CLLocationExtensions.swift in Sources */,
				77C121382037C6E800223BCE /* PackageRoutesViewController.swift in Sources */,
				7736AE8D20377A5300BB6780 /* UserRouter.swift in Sources */,
				7736AE8F20377D9800BB6780 /* LoginViewController.swift in Sources */,
			);
			runOnlyForDeploymentPostprocessing = 0;
		};
		7775D32A2036E015000935CA /* Sources */ = {
			isa = PBXSourcesBuildPhase;
			buildActionMask = 2147483647;
			files = (
				7775D3332036E015000935CA /* HackathonTests.swift in Sources */,
			);
			runOnlyForDeploymentPostprocessing = 0;
		};
		7775D3352036E015000935CA /* Sources */ = {
			isa = PBXSourcesBuildPhase;
			buildActionMask = 2147483647;
			files = (
				7775D33E2036E015000935CA /* HackathonUITests.swift in Sources */,
			);
			runOnlyForDeploymentPostprocessing = 0;
		};
/* End PBXSourcesBuildPhase section */

/* Begin PBXTargetDependency section */
		7775D3302036E015000935CA /* PBXTargetDependency */ = {
			isa = PBXTargetDependency;
			target = 7775D3192036E015000935CA /* Hackathon */;
			targetProxy = 7775D32F2036E015000935CA /* PBXContainerItemProxy */;
		};
		7775D33B2036E015000935CA /* PBXTargetDependency */ = {
			isa = PBXTargetDependency;
			target = 7775D3192036E015000935CA /* Hackathon */;
			targetProxy = 7775D33A2036E015000935CA /* PBXContainerItemProxy */;
		};
/* End PBXTargetDependency section */

/* Begin PBXVariantGroup section */
		7736AE7C20376FE800BB6780 /* Localization.strings */ = {
			isa = PBXVariantGroup;
			children = (
				7736AE7B20376FE800BB6780 /* en */,
				7736AE7D20376FFC00BB6780 /* tr */,
			);
			name = Localization.strings;
			sourceTree = "<group>";
		};
		7736AE9E2037A11B00BB6780 /* InfoPlist.strings */ = {
			isa = PBXVariantGroup;
			children = (
				7736AE9D2037A11B00BB6780 /* en */,
				7736AE9F2037A11D00BB6780 /* tr */,
			);
			name = InfoPlist.strings;
			sourceTree = "<group>";
		};
		7775D3212036E015000935CA /* Login.storyboard */ = {
			isa = PBXVariantGroup;
			children = (
				7775D3222036E015000935CA /* Base */,
			);
			name = Login.storyboard;
			sourceTree = "<group>";
		};
		7775D3262036E015000935CA /* LaunchScreen.storyboard */ = {
			isa = PBXVariantGroup;
			children = (
				7775D3272036E015000935CA /* Base */,
			);
			name = LaunchScreen.storyboard;
			sourceTree = "<group>";
		};
		77C1214920381B2D00223BCE /* Localization.stringsdict */ = {
			isa = PBXVariantGroup;
			children = (
				77C1214820381B2D00223BCE /* en */,
				77C1214A20381B2E00223BCE /* tr */,
			);
			name = Localization.stringsdict;
			sourceTree = "<group>";
		};
/* End PBXVariantGroup section */

/* Begin XCBuildConfiguration section */
		7775D3402036E015000935CA /* Debug */ = {
			isa = XCBuildConfiguration;
			buildSettings = {
				ALWAYS_SEARCH_USER_PATHS = NO;
				CLANG_ANALYZER_LOCALIZABILITY_NONLOCALIZED = YES;
				CLANG_ANALYZER_NONNULL = YES;
				CLANG_ANALYZER_NUMBER_OBJECT_CONVERSION = YES_AGGRESSIVE;
				CLANG_CXX_LANGUAGE_STANDARD = "gnu++14";
				CLANG_CXX_LIBRARY = "libc++";
				CLANG_ENABLE_MODULES = YES;
				CLANG_ENABLE_OBJC_ARC = YES;
				CLANG_WARN_BLOCK_CAPTURE_AUTORELEASING = YES;
				CLANG_WARN_BOOL_CONVERSION = YES;
				CLANG_WARN_COMMA = YES;
				CLANG_WARN_CONSTANT_CONVERSION = YES;
				CLANG_WARN_DIRECT_OBJC_ISA_USAGE = YES_ERROR;
				CLANG_WARN_DOCUMENTATION_COMMENTS = YES;
				CLANG_WARN_EMPTY_BODY = YES;
				CLANG_WARN_ENUM_CONVERSION = YES;
				CLANG_WARN_INFINITE_RECURSION = YES;
				CLANG_WARN_INT_CONVERSION = YES;
				CLANG_WARN_NON_LITERAL_NULL_CONVERSION = YES;
				CLANG_WARN_OBJC_LITERAL_CONVERSION = YES;
				CLANG_WARN_OBJC_ROOT_CLASS = YES_ERROR;
				CLANG_WARN_RANGE_LOOP_ANALYSIS = YES;
				CLANG_WARN_STRICT_PROTOTYPES = YES;
				CLANG_WARN_SUSPICIOUS_MOVE = YES;
				CLANG_WARN_UNGUARDED_AVAILABILITY = YES_AGGRESSIVE;
				CLANG_WARN_UNREACHABLE_CODE = YES;
				CLANG_WARN__DUPLICATE_METHOD_MATCH = YES;
				CODE_SIGN_IDENTITY = "iPhone Developer";
				COPY_PHASE_STRIP = NO;
				DEBUG_INFORMATION_FORMAT = dwarf;
				ENABLE_STRICT_OBJC_MSGSEND = YES;
				ENABLE_TESTABILITY = YES;
				GCC_C_LANGUAGE_STANDARD = gnu11;
				GCC_DYNAMIC_NO_PIC = NO;
				GCC_NO_COMMON_BLOCKS = YES;
				GCC_OPTIMIZATION_LEVEL = 0;
				GCC_PREPROCESSOR_DEFINITIONS = (
					"DEBUG=1",
					"$(inherited)",
				);
				GCC_WARN_64_TO_32_BIT_CONVERSION = YES;
				GCC_WARN_ABOUT_RETURN_TYPE = YES_ERROR;
				GCC_WARN_UNDECLARED_SELECTOR = YES;
				GCC_WARN_UNINITIALIZED_AUTOS = YES_AGGRESSIVE;
				GCC_WARN_UNUSED_FUNCTION = YES;
				GCC_WARN_UNUSED_VARIABLE = YES;
				IPHONEOS_DEPLOYMENT_TARGET = 11.2;
				MTL_ENABLE_DEBUG_INFO = YES;
				ONLY_ACTIVE_ARCH = YES;
				SDKROOT = iphoneos;
				SWIFT_ACTIVE_COMPILATION_CONDITIONS = DEBUG;
				SWIFT_OPTIMIZATION_LEVEL = "-Onone";
			};
			name = Debug;
		};
		7775D3412036E015000935CA /* Release */ = {
			isa = XCBuildConfiguration;
			buildSettings = {
				ALWAYS_SEARCH_USER_PATHS = NO;
				CLANG_ANALYZER_LOCALIZABILITY_NONLOCALIZED = YES;
				CLANG_ANALYZER_NONNULL = YES;
				CLANG_ANALYZER_NUMBER_OBJECT_CONVERSION = YES_AGGRESSIVE;
				CLANG_CXX_LANGUAGE_STANDARD = "gnu++14";
				CLANG_CXX_LIBRARY = "libc++";
				CLANG_ENABLE_MODULES = YES;
				CLANG_ENABLE_OBJC_ARC = YES;
				CLANG_WARN_BLOCK_CAPTURE_AUTORELEASING = YES;
				CLANG_WARN_BOOL_CONVERSION = YES;
				CLANG_WARN_COMMA = YES;
				CLANG_WARN_CONSTANT_CONVERSION = YES;
				CLANG_WARN_DIRECT_OBJC_ISA_USAGE = YES_ERROR;
				CLANG_WARN_DOCUMENTATION_COMMENTS = YES;
				CLANG_WARN_EMPTY_BODY = YES;
				CLANG_WARN_ENUM_CONVERSION = YES;
				CLANG_WARN_INFINITE_RECURSION = YES;
				CLANG_WARN_INT_CONVERSION = YES;
				CLANG_WARN_NON_LITERAL_NULL_CONVERSION = YES;
				CLANG_WARN_OBJC_LITERAL_CONVERSION = YES;
				CLANG_WARN_OBJC_ROOT_CLASS = YES_ERROR;
				CLANG_WARN_RANGE_LOOP_ANALYSIS = YES;
				CLANG_WARN_STRICT_PROTOTYPES = YES;
				CLANG_WARN_SUSPICIOUS_MOVE = YES;
				CLANG_WARN_UNGUARDED_AVAILABILITY = YES_AGGRESSIVE;
				CLANG_WARN_UNREACHABLE_CODE = YES;
				CLANG_WARN__DUPLICATE_METHOD_MATCH = YES;
				CODE_SIGN_IDENTITY = "iPhone Developer";
				COPY_PHASE_STRIP = NO;
				DEBUG_INFORMATION_FORMAT = "dwarf-with-dsym";
				ENABLE_NS_ASSERTIONS = NO;
				ENABLE_STRICT_OBJC_MSGSEND = YES;
				GCC_C_LANGUAGE_STANDARD = gnu11;
				GCC_NO_COMMON_BLOCKS = YES;
				GCC_WARN_64_TO_32_BIT_CONVERSION = YES;
				GCC_WARN_ABOUT_RETURN_TYPE = YES_ERROR;
				GCC_WARN_UNDECLARED_SELECTOR = YES;
				GCC_WARN_UNINITIALIZED_AUTOS = YES_AGGRESSIVE;
				GCC_WARN_UNUSED_FUNCTION = YES;
				GCC_WARN_UNUSED_VARIABLE = YES;
				IPHONEOS_DEPLOYMENT_TARGET = 11.2;
				MTL_ENABLE_DEBUG_INFO = NO;
				SDKROOT = iphoneos;
				SWIFT_OPTIMIZATION_LEVEL = "-Owholemodule";
				VALIDATE_PRODUCT = YES;
			};
			name = Release;
		};
		7775D3432036E015000935CA /* Debug */ = {
			isa = XCBuildConfiguration;
			baseConfigurationReference = 37ABD7ED04F3882F150ACDC3 /* Pods-Hackathon.debug.xcconfig */;
			buildSettings = {
				ASSETCATALOG_COMPILER_APPICON_NAME = AppIcon;
				CODE_SIGN_STYLE = Automatic;
				DEVELOPMENT_TEAM = H3SATSSFHJ;
				GCC_PREPROCESSOR_DEFINITIONS = (
					"$(inherited)",
					"COCOAPODS=1",
					MOCK,
				);
				INFOPLIST_FILE = Hackathon/Info.plist;
				IPHONEOS_DEPLOYMENT_TARGET = 11.0;
				LD_RUNPATH_SEARCH_PATHS = "$(inherited) @executable_path/Frameworks";
				PRODUCT_BUNDLE_IDENTIFIER = com.besnilimustafa.Hackathon;
				PRODUCT_NAME = "$(TARGET_NAME)";
				SWIFT_VERSION = 4.0;
				TARGETED_DEVICE_FAMILY = "1,2";
			};
			name = Debug;
		};
		7775D3442036E015000935CA /* Release */ = {
			isa = XCBuildConfiguration;
			baseConfigurationReference = 8D5E65216845CB9AB327C4EB /* Pods-Hackathon.release.xcconfig */;
			buildSettings = {
				ASSETCATALOG_COMPILER_APPICON_NAME = AppIcon;
				CODE_SIGN_STYLE = Automatic;
				DEVELOPMENT_TEAM = H3SATSSFHJ;
				INFOPLIST_FILE = Hackathon/Info.plist;
				IPHONEOS_DEPLOYMENT_TARGET = 11.0;
				LD_RUNPATH_SEARCH_PATHS = "$(inherited) @executable_path/Frameworks";
				PRODUCT_BUNDLE_IDENTIFIER = com.besnilimustafa.Hackathon;
				PRODUCT_NAME = "$(TARGET_NAME)";
				SWIFT_VERSION = 4.0;
				TARGETED_DEVICE_FAMILY = "1,2";
			};
			name = Release;
		};
		7775D3462036E015000935CA /* Debug */ = {
			isa = XCBuildConfiguration;
			baseConfigurationReference = B0A94F30529E8800B829B3D1 /* Pods-HackathonTests.debug.xcconfig */;
			buildSettings = {
				ALWAYS_EMBED_SWIFT_STANDARD_LIBRARIES = YES;
				BUNDLE_LOADER = "$(TEST_HOST)";
				CODE_SIGN_STYLE = Automatic;
				DEVELOPMENT_TEAM = H3SATSSFHJ;
				INFOPLIST_FILE = HackathonTests/Info.plist;
				LD_RUNPATH_SEARCH_PATHS = "$(inherited) @executable_path/Frameworks @loader_path/Frameworks";
				PRODUCT_BUNDLE_IDENTIFIER = com.besnilimustafa.HackathonTests;
				PRODUCT_NAME = "$(TARGET_NAME)";
				SWIFT_VERSION = 4.0;
				TARGETED_DEVICE_FAMILY = "1,2";
				TEST_HOST = "$(BUILT_PRODUCTS_DIR)/Hackathon.app/Hackathon";
			};
			name = Debug;
		};
		7775D3472036E015000935CA /* Release */ = {
			isa = XCBuildConfiguration;
			baseConfigurationReference = FBF81A1F0D45916A47639585 /* Pods-HackathonTests.release.xcconfig */;
			buildSettings = {
				ALWAYS_EMBED_SWIFT_STANDARD_LIBRARIES = YES;
				BUNDLE_LOADER = "$(TEST_HOST)";
				CODE_SIGN_STYLE = Automatic;
				DEVELOPMENT_TEAM = H3SATSSFHJ;
				INFOPLIST_FILE = HackathonTests/Info.plist;
				LD_RUNPATH_SEARCH_PATHS = "$(inherited) @executable_path/Frameworks @loader_path/Frameworks";
				PRODUCT_BUNDLE_IDENTIFIER = com.besnilimustafa.HackathonTests;
				PRODUCT_NAME = "$(TARGET_NAME)";
				SWIFT_VERSION = 4.0;
				TARGETED_DEVICE_FAMILY = "1,2";
				TEST_HOST = "$(BUILT_PRODUCTS_DIR)/Hackathon.app/Hackathon";
			};
			name = Release;
		};
		7775D3492036E015000935CA /* Debug */ = {
			isa = XCBuildConfiguration;
			baseConfigurationReference = 0315F1D841C81E85BD6DD3A9 /* Pods-HackathonUITests.debug.xcconfig */;
			buildSettings = {
				ALWAYS_EMBED_SWIFT_STANDARD_LIBRARIES = YES;
				CODE_SIGN_STYLE = Automatic;
				DEVELOPMENT_TEAM = H3SATSSFHJ;
				INFOPLIST_FILE = HackathonUITests/Info.plist;
				LD_RUNPATH_SEARCH_PATHS = "$(inherited) @executable_path/Frameworks @loader_path/Frameworks";
				PRODUCT_BUNDLE_IDENTIFIER = com.besnilimustafa.HackathonUITests;
				PRODUCT_NAME = "$(TARGET_NAME)";
				SWIFT_VERSION = 4.0;
				TARGETED_DEVICE_FAMILY = "1,2";
				TEST_TARGET_NAME = Hackathon;
			};
			name = Debug;
		};
		7775D34A2036E015000935CA /* Release */ = {
			isa = XCBuildConfiguration;
			baseConfigurationReference = 33C81DA157DD3457365A0BF7 /* Pods-HackathonUITests.release.xcconfig */;
			buildSettings = {
				ALWAYS_EMBED_SWIFT_STANDARD_LIBRARIES = YES;
				CODE_SIGN_STYLE = Automatic;
				DEVELOPMENT_TEAM = H3SATSSFHJ;
				INFOPLIST_FILE = HackathonUITests/Info.plist;
				LD_RUNPATH_SEARCH_PATHS = "$(inherited) @executable_path/Frameworks @loader_path/Frameworks";
				PRODUCT_BUNDLE_IDENTIFIER = com.besnilimustafa.HackathonUITests;
				PRODUCT_NAME = "$(TARGET_NAME)";
				SWIFT_VERSION = 4.0;
				TARGETED_DEVICE_FAMILY = "1,2";
				TEST_TARGET_NAME = Hackathon;
			};
			name = Release;
		};
/* End XCBuildConfiguration section */

/* Begin XCConfigurationList section */
		7775D3152036E015000935CA /* Build configuration list for PBXProject "Hackathon" */ = {
			isa = XCConfigurationList;
			buildConfigurations = (
				7775D3402036E015000935CA /* Debug */,
				7775D3412036E015000935CA /* Release */,
			);
			defaultConfigurationIsVisible = 0;
			defaultConfigurationName = Release;
		};
		7775D3422036E015000935CA /* Build configuration list for PBXNativeTarget "Hackathon" */ = {
			isa = XCConfigurationList;
			buildConfigurations = (
				7775D3432036E015000935CA /* Debug */,
				7775D3442036E015000935CA /* Release */,
			);
			defaultConfigurationIsVisible = 0;
			defaultConfigurationName = Release;
		};
		7775D3452036E015000935CA /* Build configuration list for PBXNativeTarget "HackathonTests" */ = {
			isa = XCConfigurationList;
			buildConfigurations = (
				7775D3462036E015000935CA /* Debug */,
				7775D3472036E015000935CA /* Release */,
			);
			defaultConfigurationIsVisible = 0;
			defaultConfigurationName = Release;
		};
		7775D3482036E015000935CA /* Build configuration list for PBXNativeTarget "HackathonUITests" */ = {
			isa = XCConfigurationList;
			buildConfigurations = (
				7775D3492036E015000935CA /* Debug */,
				7775D34A2036E015000935CA /* Release */,
			);
			defaultConfigurationIsVisible = 0;
			defaultConfigurationName = Release;
		};
/* End XCConfigurationList section */
	};
	rootObject = 7775D3122036E015000935CA /* Project object */;
}
